// !$*UTF8*$!
{
	archiveVersion = 1;
	classes = {
	};
	objectVersion = 50;
	objects = {

/* Begin PBXBuildFile section */
		BD23A0812281DF1E00D47739 /* HistoryViewController.swift in Sources */ = {isa = PBXBuildFile; fileRef = BD23A0802281DF1E00D47739 /* HistoryViewController.swift */; };
		BD23A0832281E2D900D47739 /* HistoryTableViewCell.swift in Sources */ = {isa = PBXBuildFile; fileRef = BD23A0822281E2D900D47739 /* HistoryTableViewCell.swift */; };
		BD23A08522820ADB00D47739 /* Quoteno10067Nokia.pdf in Resources */ = {isa = PBXBuildFile; fileRef = BD23A08422820ADB00D47739 /* Quoteno10067Nokia.pdf */; };
		BDFD1A7E22817EA400D6FE7E /* AppDelegate.swift in Sources */ = {isa = PBXBuildFile; fileRef = BDFD1A7D22817EA400D6FE7E /* AppDelegate.swift */; };
		BDFD1A8022817EA400D6FE7E /* ViewController.swift in Sources */ = {isa = PBXBuildFile; fileRef = BDFD1A7F22817EA400D6FE7E /* ViewController.swift */; };
		BDFD1A8322817EA400D6FE7E /* Main.storyboard in Resources */ = {isa = PBXBuildFile; fileRef = BDFD1A8122817EA400D6FE7E /* Main.storyboard */; };
		BDFD1A8522817EA500D6FE7E /* Assets.xcassets in Resources */ = {isa = PBXBuildFile; fileRef = BDFD1A8422817EA500D6FE7E /* Assets.xcassets */; };
		BDFD1A8822817EA500D6FE7E /* LaunchScreen.storyboard in Resources */ = {isa = PBXBuildFile; fileRef = BDFD1A8622817EA500D6FE7E /* LaunchScreen.storyboard */; };
		BDFD1A912281920C00D6FE7E /* UIViewExtension.swift in Sources */ = {isa = PBXBuildFile; fileRef = BDFD1A902281920C00D6FE7E /* UIViewExtension.swift */; };
		BDFD1A9622819B0500D6FE7E /* SalesTableViewCell.swift in Sources */ = {isa = PBXBuildFile; fileRef = BDFD1A9522819B0500D6FE7E /* SalesTableViewCell.swift */; };
		BDFD1A992281A3E600D6FE7E /* Document.swift in Sources */ = {isa = PBXBuildFile; fileRef = BDFD1A982281A3E600D6FE7E /* Document.swift */; };
		BDFD1A9C2281B06000D6FE7E /* DocumentStateViewController.swift in Sources */ = {isa = PBXBuildFile; fileRef = BDFD1A9B2281B06000D6FE7E /* DocumentStateViewController.swift */; };
		BDFD1A9E2281C38600D6FE7E /* ItemTableViewCell.swift in Sources */ = {isa = PBXBuildFile; fileRef = BDFD1A9D2281C38600D6FE7E /* ItemTableViewCell.swift */; };
		BDFD1AA02281C3EA00D6FE7E /* DetailViewController.swift in Sources */ = {isa = PBXBuildFile; fileRef = BDFD1A9F2281C3EA00D6FE7E /* DetailViewController.swift */; };
/* End PBXBuildFile section */

/* Begin PBXFileReference section */
		BD23A0802281DF1E00D47739 /* HistoryViewController.swift */ = {isa = PBXFileReference; lastKnownFileType = sourcecode.swift; path = HistoryViewController.swift; sourceTree = "<group>"; };
		BD23A0822281E2D900D47739 /* HistoryTableViewCell.swift */ = {isa = PBXFileReference; lastKnownFileType = sourcecode.swift; path = HistoryTableViewCell.swift; sourceTree = "<group>"; };
		BD23A08422820ADB00D47739 /* Quoteno10067Nokia.pdf */ = {isa = PBXFileReference; lastKnownFileType = image.pdf; path = Quoteno10067Nokia.pdf; sourceTree = "<group>"; };
		BDFD1A7A22817EA400D6FE7E /* EQMM.app */ = {isa = PBXFileReference; explicitFileType = wrapper.application; includeInIndex = 0; path = EQMM.app; sourceTree = BUILT_PRODUCTS_DIR; };
		BDFD1A7D22817EA400D6FE7E /* AppDelegate.swift */ = {isa = PBXFileReference; lastKnownFileType = sourcecode.swift; path = AppDelegate.swift; sourceTree = "<group>"; };
		BDFD1A7F22817EA400D6FE7E /* ViewController.swift */ = {isa = PBXFileReference; lastKnownFileType = sourcecode.swift; path = ViewController.swift; sourceTree = "<group>"; };
		BDFD1A8222817EA400D6FE7E /* Base */ = {isa = PBXFileReference; lastKnownFileType = file.storyboard; name = Base; path = Base.lproj/Main.storyboard; sourceTree = "<group>"; };
		BDFD1A8422817EA500D6FE7E /* Assets.xcassets */ = {isa = PBXFileReference; lastKnownFileType = folder.assetcatalog; path = Assets.xcassets; sourceTree = "<group>"; };
		BDFD1A8722817EA500D6FE7E /* Base */ = {isa = PBXFileReference; lastKnownFileType = file.storyboard; name = Base; path = Base.lproj/LaunchScreen.storyboard; sourceTree = "<group>"; };
		BDFD1A8922817EA500D6FE7E /* Info.plist */ = {isa = PBXFileReference; lastKnownFileType = text.plist.xml; path = Info.plist; sourceTree = "<group>"; };
		BDFD1A902281920C00D6FE7E /* UIViewExtension.swift */ = {isa = PBXFileReference; lastKnownFileType = sourcecode.swift; path = UIViewExtension.swift; sourceTree = "<group>"; };
		BDFD1A9522819B0500D6FE7E /* SalesTableViewCell.swift */ = {isa = PBXFileReference; lastKnownFileType = sourcecode.swift; path = SalesTableViewCell.swift; sourceTree = "<group>"; };
		BDFD1A982281A3E600D6FE7E /* Document.swift */ = {isa = PBXFileReference; lastKnownFileType = sourcecode.swift; path = Document.swift; sourceTree = "<group>"; };
		BDFD1A9B2281B06000D6FE7E /* DocumentStateViewController.swift */ = {isa = PBXFileReference; lastKnownFileType = sourcecode.swift; path = DocumentStateViewController.swift; sourceTree = "<group>"; };
		BDFD1A9D2281C38600D6FE7E /* ItemTableViewCell.swift */ = {isa = PBXFileReference; lastKnownFileType = sourcecode.swift; path = ItemTableViewCell.swift; sourceTree = "<group>"; };
		BDFD1A9F2281C3EA00D6FE7E /* DetailViewController.swift */ = {isa = PBXFileReference; lastKnownFileType = sourcecode.swift; path = DetailViewController.swift; sourceTree = "<group>"; };
/* End PBXFileReference section */

/* Begin PBXFrameworksBuildPhase section */
		BDFD1A7722817EA400D6FE7E /* Frameworks */ = {
			isa = PBXFrameworksBuildPhase;
			buildActionMask = 2147483647;
			files = (
			);
			runOnlyForDeploymentPostprocessing = 0;
		};
/* End PBXFrameworksBuildPhase section */

/* Begin PBXGroup section */
		BDFD1A7122817EA400D6FE7E = {
			isa = PBXGroup;
			children = (
				BDFD1A7C22817EA400D6FE7E /* EQMM */,
				BDFD1A7B22817EA400D6FE7E /* Products */,
			);
			sourceTree = "<group>";
		};
		BDFD1A7B22817EA400D6FE7E /* Products */ = {
			isa = PBXGroup;
			children = (
				BDFD1A7A22817EA400D6FE7E /* EQMM.app */,
			);
			name = Products;
			sourceTree = "<group>";
		};
		BDFD1A7C22817EA400D6FE7E /* EQMM */ = {
			isa = PBXGroup;
			children = (
				BDFD1AA12281C6DF00D6FE7E /* Resources */,
				BDFD1A9A2281B03800D6FE7E /* Controllers */,
				BDFD1A972281A3CE00D6FE7E /* Model */,
				BDFD1A92228195A600D6FE7E /* Cells */,
				BDFD1A8F228191EF00D6FE7E /* Extension */,
				BDFD1A7D22817EA400D6FE7E /* AppDelegate.swift */,
				BDFD1A7F22817EA400D6FE7E /* ViewController.swift */,
				BDFD1A8122817EA400D6FE7E /* Main.storyboard */,
				BDFD1A8422817EA500D6FE7E /* Assets.xcassets */,
				BDFD1A8622817EA500D6FE7E /* LaunchScreen.storyboard */,
				BDFD1A8922817EA500D6FE7E /* Info.plist */,
			);
			path = EQMM;
			sourceTree = "<group>";
		};
		BDFD1A8F228191EF00D6FE7E /* Extension */ = {
			isa = PBXGroup;
			children = (
				BDFD1A902281920C00D6FE7E /* UIViewExtension.swift */,
			);
			path = Extension;
			sourceTree = "<group>";
		};
		BDFD1A92228195A600D6FE7E /* Cells */ = {
			isa = PBXGroup;
			children = (
				BDFD1A9522819B0500D6FE7E /* SalesTableViewCell.swift */,
				BDFD1A9D2281C38600D6FE7E /* ItemTableViewCell.swift */,
				BD23A0822281E2D900D47739 /* HistoryTableViewCell.swift */,
			);
			path = Cells;
			sourceTree = "<group>";
		};
		BDFD1A972281A3CE00D6FE7E /* Model */ = {
			isa = PBXGroup;
			children = (
				BDFD1A982281A3E600D6FE7E /* Document.swift */,
			);
			path = Model;
			sourceTree = "<group>";
		};
		BDFD1A9A2281B03800D6FE7E /* Controllers */ = {
			isa = PBXGroup;
			children = (
				BDFD1A9B2281B06000D6FE7E /* DocumentStateViewController.swift */,
				BDFD1A9F2281C3EA00D6FE7E /* DetailViewController.swift */,
				BD23A0802281DF1E00D47739 /* HistoryViewController.swift */,
			);
			path = Controllers;
			sourceTree = "<group>";
		};
		BDFD1AA12281C6DF00D6FE7E /* Resources */ = {
			isa = PBXGroup;
			children = (
				BD23A08422820ADB00D47739 /* Quoteno10067Nokia.pdf */,
			);
			path = Resources;
			sourceTree = "<group>";
		};
/* End PBXGroup section */

/* Begin PBXNativeTarget section */
		BDFD1A7922817EA400D6FE7E /* EQMM */ = {
			isa = PBXNativeTarget;
			buildConfigurationList = BDFD1A8C22817EA500D6FE7E /* Build configuration list for PBXNativeTarget "EQMM" */;
			buildPhases = (
				BDFD1A7622817EA400D6FE7E /* Sources */,
				BDFD1A7722817EA400D6FE7E /* Frameworks */,
				BDFD1A7822817EA400D6FE7E /* Resources */,
			);
			buildRules = (
			);
			dependencies = (
			);
			name = EQMM;
			productName = EQMM;
			productReference = BDFD1A7A22817EA400D6FE7E /* EQMM.app */;
			productType = "com.apple.product-type.application";
		};
/* End PBXNativeTarget section */

/* Begin PBXProject section */
		BDFD1A7222817EA400D6FE7E /* Project object */ = {
			isa = PBXProject;
			attributes = {
				LastSwiftUpdateCheck = 1020;
				LastUpgradeCheck = 1020;
				ORGANIZATIONNAME = "Zamzam Farzamipooya";
				TargetAttributes = {
					BDFD1A7922817EA400D6FE7E = {
						CreatedOnToolsVersion = 10.2.1;
					};
				};
			};
			buildConfigurationList = BDFD1A7522817EA400D6FE7E /* Build configuration list for PBXProject "EQMM" */;
			compatibilityVersion = "Xcode 9.3";
			developmentRegion = en;
			hasScannedForEncodings = 0;
			knownRegions = (
				en,
				Base,
			);
			mainGroup = BDFD1A7122817EA400D6FE7E;
			productRefGroup = BDFD1A7B22817EA400D6FE7E /* Products */;
			projectDirPath = "";
			projectRoot = "";
			targets = (
				BDFD1A7922817EA400D6FE7E /* EQMM */,
			);
		};
/* End PBXProject section */

/* Begin PBXResourcesBuildPhase section */
		BDFD1A7822817EA400D6FE7E /* Resources */ = {
			isa = PBXResourcesBuildPhase;
			buildActionMask = 2147483647;
			files = (
				BD23A08522820ADB00D47739 /* Quoteno10067Nokia.pdf in Resources */,
				BDFD1A8822817EA500D6FE7E /* LaunchScreen.storyboard in Resources */,
				BDFD1A8522817EA500D6FE7E /* Assets.xcassets in Resources */,
				BDFD1A8322817EA400D6FE7E /* Main.storyboard in Resources */,
			);
			runOnlyForDeploymentPostprocessing = 0;
		};
/* End PBXResourcesBuildPhase section */

/* Begin PBXSourcesBuildPhase section */
		BDFD1A7622817EA400D6FE7E /* Sources */ = {
			isa = PBXSourcesBuildPhase;
			buildActionMask = 2147483647;
			files = (
				BDFD1A912281920C00D6FE7E /* UIViewExtension.swift in Sources */,
				BDFD1A9C2281B06000D6FE7E /* DocumentStateViewController.swift in Sources */,
				BDFD1A8022817EA400D6FE7E /* ViewController.swift in Sources */,
				BDFD1A9622819B0500D6FE7E /* SalesTableViewCell.swift in Sources */,
				BD23A0832281E2D900D47739 /* HistoryTableViewCell.swift in Sources */,
				BDFD1A7E22817EA400D6FE7E /* AppDelegate.swift in Sources */,
				BDFD1A9E2281C38600D6FE7E /* ItemTableViewCell.swift in Sources */,
				BD23A0812281DF1E00D47739 /* HistoryViewController.swift in Sources */,
				BDFD1A992281A3E600D6FE7E /* Document.swift in Sources */,
				BDFD1AA02281C3EA00D6FE7E /* DetailViewController.swift in Sources */,
			);
			runOnlyForDeploymentPostprocessing = 0;
		};
/* End PBXSourcesBuildPhase section */

/* Begin PBXVariantGroup section */
		BDFD1A8122817EA400D6FE7E /* Main.storyboard */ = {
			isa = PBXVariantGroup;
			children = (
				BDFD1A8222817EA400D6FE7E /* Base */,
			);
			name = Main.storyboard;
			sourceTree = "<group>";
		};
		BDFD1A8622817EA500D6FE7E /* LaunchScreen.storyboard */ = {
			isa = PBXVariantGroup;
			children = (
				BDFD1A8722817EA500D6FE7E /* Base */,
			);
			name = LaunchScreen.storyboard;
			sourceTree = "<group>";
		};
/* End PBXVariantGroup section */

/* Begin XCBuildConfiguration section */
		BDFD1A8A22817EA500D6FE7E /* Debug */ = {
			isa = XCBuildConfiguration;
			buildSettings = {
				ALWAYS_SEARCH_USER_PATHS = NO;
				CLANG_ANALYZER_NONNULL = YES;
				CLANG_ANALYZER_NUMBER_OBJECT_CONVERSION = YES_AGGRESSIVE;
				CLANG_CXX_LANGUAGE_STANDARD = "gnu++14";
				CLANG_CXX_LIBRARY = "libc++";
				CLANG_ENABLE_MODULES = YES;
				CLANG_ENABLE_OBJC_ARC = YES;
				CLANG_ENABLE_OBJC_WEAK = YES;
				CLANG_WARN_BLOCK_CAPTURE_AUTORELEASING = YES;
				CLANG_WARN_BOOL_CONVERSION = YES;
				CLANG_WARN_COMMA = YES;
				CLANG_WARN_CONSTANT_CONVERSION = YES;
				CLANG_WARN_DEPRECATED_OBJC_IMPLEMENTATIONS = YES;
				CLANG_WARN_DIRECT_OBJC_ISA_USAGE = YES_ERROR;
				CLANG_WARN_DOCUMENTATION_COMMENTS = YES;
				CLANG_WARN_EMPTY_BODY = YES;
				CLANG_WARN_ENUM_CONVERSION = YES;
				CLANG_WARN_INFINITE_RECURSION = YES;
				CLANG_WARN_INT_CONVERSION = YES;
				CLANG_WARN_NON_LITERAL_NULL_CONVERSION = YES;
				CLANG_WARN_OBJC_IMPLICIT_RETAIN_SELF = YES;
				CLANG_WARN_OBJC_LITERAL_CONVERSION = YES;
				CLANG_WARN_OBJC_ROOT_CLASS = YES_ERROR;
				CLANG_WARN_RANGE_LOOP_ANALYSIS = YES;
				CLANG_WARN_STRICT_PROTOTYPES = YES;
				CLANG_WARN_SUSPICIOUS_MOVE = YES;
				CLANG_WARN_UNGUARDED_AVAILABILITY = YES_AGGRESSIVE;
				CLANG_WARN_UNREACHABLE_CODE = YES;
				CLANG_WARN__DUPLICATE_METHOD_MATCH = YES;
				CODE_SIGN_IDENTITY = "iPhone Developer";
				COPY_PHASE_STRIP = NO;
				DEBUG_INFORMATION_FORMAT = dwarf;
				ENABLE_STRICT_OBJC_MSGSEND = YES;
				ENABLE_TESTABILITY = YES;
				GCC_C_LANGUAGE_STANDARD = gnu11;
				GCC_DYNAMIC_NO_PIC = NO;
				GCC_NO_COMMON_BLOCKS = YES;
				GCC_OPTIMIZATION_LEVEL = 0;
				GCC_PREPROCESSOR_DEFINITIONS = (
					"DEBUG=1",
					"$(inherited)",
				);
				GCC_WARN_64_TO_32_BIT_CONVERSION = YES;
				GCC_WARN_ABOUT_RETURN_TYPE = YES_ERROR;
				GCC_WARN_UNDECLARED_SELECTOR = YES;
				GCC_WARN_UNINITIALIZED_AUTOS = YES_AGGRESSIVE;
				GCC_WARN_UNUSED_FUNCTION = YES;
				GCC_WARN_UNUSED_VARIABLE = YES;
				IPHONEOS_DEPLOYMENT_TARGET = 12.2;
				MTL_ENABLE_DEBUG_INFO = INCLUDE_SOURCE;
				MTL_FAST_MATH = YES;
				ONLY_ACTIVE_ARCH = YES;
				SDKROOT = iphoneos;
				SWIFT_ACTIVE_COMPILATION_CONDITIONS = DEBUG;
				SWIFT_OPTIMIZATION_LEVEL = "-Onone";
			};
			name = Debug;
		};
		BDFD1A8B22817EA500D6FE7E /* Release */ = {
			isa = XCBuildConfiguration;
			buildSettings = {
				ALWAYS_SEARCH_USER_PATHS = NO;
				CLANG_ANALYZER_NONNULL = YES;
				CLANG_ANALYZER_NUMBER_OBJECT_CONVERSION = YES_AGGRESSIVE;
				CLANG_CXX_LANGUAGE_STANDARD = "gnu++14";
				CLANG_CXX_LIBRARY = "libc++";
				CLANG_ENABLE_MODULES = YES;
				CLANG_ENABLE_OBJC_ARC = YES;
				CLANG_ENABLE_OBJC_WEAK = YES;
				CLANG_WARN_BLOCK_CAPTURE_AUTORELEASING = YES;
				CLANG_WARN_BOOL_CONVERSION = YES;
				CLANG_WARN_COMMA = YES;
				CLANG_WARN_CONSTANT_CONVERSION = YES;
				CLANG_WARN_DEPRECATED_OBJC_IMPLEMENTATIONS = YES;
				CLANG_WARN_DIRECT_OBJC_ISA_USAGE = YES_ERROR;
				CLANG_WARN_DOCUMENTATION_COMMENTS = YES;
				CLANG_WARN_EMPTY_BODY = YES;
				CLANG_WARN_ENUM_CONVERSION = YES;
				CLANG_WARN_INFINITE_RECURSION = YES;
				CLANG_WARN_INT_CONVERSION = YES;
				CLANG_WARN_NON_LITERAL_NULL_CONVERSION = YES;
				CLANG_WARN_OBJC_IMPLICIT_RETAIN_SELF = YES;
				CLANG_WARN_OBJC_LITERAL_CONVERSION = YES;
				CLANG_WARN_OBJC_ROOT_CLASS = YES_ERROR;
				CLANG_WARN_RANGE_LOOP_ANALYSIS = YES;
				CLANG_WARN_STRICT_PROTOTYPES = YES;
				CLANG_WARN_SUSPICIOUS_MOVE = YES;
				CLANG_WARN_UNGUARDED_AVAILABILITY = YES_AGGRESSIVE;
				CLANG_WARN_UNREACHABLE_CODE = YES;
				CLANG_WARN__DUPLICATE_METHOD_MATCH = YES;
				CODE_SIGN_IDENTITY = "iPhone Developer";
				COPY_PHASE_STRIP = NO;
				DEBUG_INFORMATION_FORMAT = "dwarf-with-dsym";
				ENABLE_NS_ASSERTIONS = NO;
				ENABLE_STRICT_OBJC_MSGSEND = YES;
				GCC_C_LANGUAGE_STANDARD = gnu11;
				GCC_NO_COMMON_BLOCKS = YES;
				GCC_WARN_64_TO_32_BIT_CONVERSION = YES;
				GCC_WARN_ABOUT_RETURN_TYPE = YES_ERROR;
				GCC_WARN_UNDECLARED_SELECTOR = YES;
				GCC_WARN_UNINITIALIZED_AUTOS = YES_AGGRESSIVE;
				GCC_WARN_UNUSED_FUNCTION = YES;
				GCC_WARN_UNUSED_VARIABLE = YES;
				IPHONEOS_DEPLOYMENT_TARGET = 12.2;
				MTL_ENABLE_DEBUG_INFO = NO;
				MTL_FAST_MATH = YES;
				SDKROOT = iphoneos;
				SWIFT_COMPILATION_MODE = wholemodule;
				SWIFT_OPTIMIZATION_LEVEL = "-O";
				VALIDATE_PRODUCT = YES;
			};
			name = Release;
		};
		BDFD1A8D22817EA500D6FE7E /* Debug */ = {
			isa = XCBuildConfiguration;
			buildSettings = {
				ASSETCATALOG_COMPILER_APPICON_NAME = AppIcon;
				CODE_SIGN_STYLE = Automatic;
				DEVELOPMENT_TEAM = GLQ9545X57;
				INFOPLIST_FILE = EQMM/Info.plist;
				LD_RUNPATH_SEARCH_PATHS = (
					"$(inherited)",
					"@executable_path/Frameworks",
				);
				PRODUCT_BUNDLE_IDENTIFIER = EQuotingMM.economic.com.EQMM;
				PRODUCT_NAME = "$(TARGET_NAME)";
				SWIFT_VERSION = 5.0;
				TARGETED_DEVICE_FAMILY = "1,2";
			};
			name = Debug;
		};
		BDFD1A8E22817EA500D6FE7E /* Release */ = {
			isa = XCBuildConfiguration;
			buildSettings = {
				ASSETCATALOG_COMPILER_APPICON_NAME = AppIcon;
				CODE_SIGN_STYLE = Automatic;
				DEVELOPMENT_TEAM = GLQ9545X57;
				INFOPLIST_FILE = EQMM/Info.plist;
				LD_RUNPATH_SEARCH_PATHS = (
					"$(inherited)",
					"@executable_path/Frameworks",
				);
				PRODUCT_BUNDLE_IDENTIFIER = EQuotingMM.economic.com.EQMM;
				PRODUCT_NAME = "$(TARGET_NAME)";
				SWIFT_VERSION = 5.0;
				TARGETED_DEVICE_FAMILY = "1,2";
			};
			name = Release;
		};
/* End XCBuildConfiguration section */

/* Begin XCConfigurationList section */
		BDFD1A7522817EA400D6FE7E /* Build configuration list for PBXProject "EQMM" */ = {
			isa = XCConfigurationList;
			buildConfigurations = (
				BDFD1A8A22817EA500D6FE7E /* Debug */,
				BDFD1A8B22817EA500D6FE7E /* Release */,
			);
			defaultConfigurationIsVisible = 0;
			defaultConfigurationName = Release;
		};
		BDFD1A8C22817EA500D6FE7E /* Build configuration list for PBXNativeTarget "EQMM" */ = {
			isa = XCConfigurationList;
			buildConfigurations = (
				BDFD1A8D22817EA500D6FE7E /* Debug */,
				BDFD1A8E22817EA500D6FE7E /* Release */,
			);
			defaultConfigurationIsVisible = 0;
			defaultConfigurationName = Release;
		};
/* End XCConfigurationList section */
	};
	rootObject = BDFD1A7222817EA400D6FE7E /* Project object */;
}
